{
  "nodes": {
    "azos-core": {
      "inputs": {
        "cabata": "cabata",
        "evil-hl-line": "evil-hl-line",
        "nixpkgs": "nixpkgs_3"
      },
      "locked": {
        "path": "./azos-core",
        "type": "path"
      },
      "original": {
        "path": "./azos-core",
        "type": "path"
      },
      "parent": []
    },
    "cabata": {
      "inputs": {
        "flake-utils": "flake-utils",
        "nixpkgs": "nixpkgs",
        "systems": "systems"
      },
      "locked": {
        "lastModified": 1771368993,
        "narHash": "sha256-mWcLaCViNfUMPcqCvQRed4kR20Ifs8aaHcjMlVbF2tQ=",
        "owner": "anerisgreat",
        "repo": "cabata",
        "rev": "4fa661795527fa437698409395dc4363fbc0adf0",
        "type": "github"
      },
      "original": {
        "owner": "anerisgreat",
        "repo": "cabata",
        "type": "github"
      }
    },
    "evil-hl-line": {
      "inputs": {
        "flake-utils": "flake-utils_2",
        "nixpkgs": "nixpkgs_2"
      },
      "locked": {
        "lastModified": 1778617640,
        "narHash": "sha256-bG1hjyLIOiRB+M1rXm8ch0ftHPvV43lRtzQ8qWcus5s=",
        "owner": "anerisgreat",
        "repo": "evil-hl-line",
        "rev": "7cf5a11bdca2abd9516f0ce572e1e03bb541507f",
        "type": "github"
      },
      "original": {
        "owner": "anerisgreat",
        "repo": "evil-hl-line",
        "type": "github"
      }
    },
    "flake-utils": {
      "inputs": {
        "systems": [
          "azos-core",
          "cabata",
          "systems"
        ]
      },
      "locked": {
        "lastModified": 1731533236,
        "narHash": "sha256-l0KFg5HjrsfsO/JpG+r7fRrqm12kzFHyUHqHCVpMMbI=",
        "owner": "numtide",
        "repo": "flake-utils",
        "rev": "11707dc2f618dd54ca8739b309ec4fc024de578b",
        "type": "github"
      },
      "original": {
        "owner": "numtide",
        "repo": "flake-utils",
        "type": "github"
      }
    },
    "flake-utils_2": {
      "inputs": {
        "systems": "systems_2"
      },
      "locked": {
        "lastModified": 1731533236,
        "narHash": "sha256-l0KFg5HjrsfsO/JpG+r7fRrqm12kzFHyUHqHCVpMMbI=",
        "owner": "numtide",
        "repo": "flake-utils",
        "rev": "11707dc2f618dd54ca8739b309ec4fc024de578b",
        "type": "github"
      },
      "original": {
        "owner": "numtide",
        "repo": "flake-utils",
        "type": "github"
      }
    },
    "home-manager": {
      "inputs": {
        "nixpkgs": [
          "nixpkgs"
        ]
      },
      "locked": {
        "lastModified": 1778606796,
        "narHash": "sha256-P2krpSkFVYJ89bgsnAZ9RtQiGwiTW77sfSJp9SEDscM=",
        "owner": "nix-community",
        "repo": "home-manager",
        "rev": "e1fd7350f4410972bcb8c42a697d8c924ffe642a",
        "type": "github"
      },
      "original": {
        "owner": "nix-community",
        "ref": "release-25.11",
        "repo": "home-manager",
        "type": "github"
      }
    },
    "nixos-hardware": {
      "locked": {
        "lastModified": 1778593042,
        "narHash": "sha256-xYGrSg6354UK2K4WSQd4+TfyvfqmvFbSY+ZtGQUXK0c=",
        "owner": "NixOS",
        "repo": "nixos-hardware",
        "rev": "9bd7c80d43e258aaa607d83b43661df11444d808",
        "type": "github"
      },
      "original": {
        "owner": "NixOS",
        "ref": "master",
        "repo": "nixos-hardware",
        "type": "github"
      }
    },
    "nixpkgs": {
      "locked": {
        "lastModified": 1769421245,
        "narHash": "sha256-m5QLKjpdhbDrhyrUbEm5Haq3lqE5Z6xh2tab5vTHUTo=",
        "owner": "NixOS",
        "repo": "nixpkgs",
        "rev": "5b265bda51b42a2a85af0a543c3e57b778b01b7d",
        "type": "github"
      },
      "original": {
        "id": "nixpkgs",
        "type": "indirect"
      }
    },
    "nixpkgs-unstable": {
      "locked": {
        "lastModified": 1778443072,
        "narHash": "sha256-zi7/fsqM/kFdNuED//4WOCUtezGtKKqRNORjMvfwjnA=",
        "owner": "nixos",
        "repo": "nixpkgs",
        "rev": "da5ad661ba4e5ef59ba743f0d112cbc30e474f32",
        "type": "github"
      },
      "original": {
        "owner": "nixos",
        "ref": "nixos-unstable",
        "repo": "nixpkgs",
        "type": "github"
      }
    },
    "nixpkgs_2": {
      "locked": {
        "lastModified": 1778443072,
        "narHash": "sha256-zi7/fsqM/kFdNuED//4WOCUtezGtKKqRNORjMvfwjnA=",
        "owner": "NixOS",
        "repo": "nixpkgs",
        "rev": "da5ad661ba4e5ef59ba743f0d112cbc30e474f32",
        "type": "github"
      },
      "original": {
        "owner": "NixOS",
        "ref": "nixos-unstable",
        "repo": "nixpkgs",
        "type": "github"
      }
    },
    "nixpkgs_3": {
      "locked": {
        "lastModified": 1774273680,
        "narHash": "sha256-a++tZ1RQsDb1I0NHrFwdGuRlR5TORvCEUksM459wKUA=",
        "owner": "NixOS",
        "repo": "nixpkgs",
        "rev": "fdc7b8f7b30fdbedec91b71ed82f36e1637483ed",
        "type": "github"
      },
      "original": {
        "id": "nixpkgs",
        "type": "indirect"
      }
    },
    "nixpkgs_4": {
      "locked": {
        "lastModified": 1778430510,
        "narHash": "sha256-Ti+ZBvW6yrWWAg2szExVTwCd4qOJ3KlVr1tFHfyfi8Q=",
        "owner": "NixOS",
        "repo": "nixpkgs",
        "rev": "8fd9daa3db09ced9700431c5b7ad0e8ba199b575",
        "type": "github"
      },
      "original": {
        "owner": "NixOS",
        "ref": "nixos-25.11",
        "repo": "nixpkgs",
        "type": "github"
      }
    },
    "root": {
      "inputs": {
        "azos-core": "azos-core",
        "home-manager": "home-manager",
        "nixos-hardware": "nixos-hardware",
        "nixpkgs": "nixpkgs_4",
        "nixpkgs-unstable": "nixpkgs-unstable"
      }
    },
    "systems": {
      "locked": {
        "lastModified": 1680978846,
        "narHash": "sha256-Gtqg8b/v49BFDpDetjclCYXm8mAnTrUzR0JnE2nv5aw=",
        "owner": "nix-systems",
        "repo": "x86_64-linux",
        "rev": "2ecfcac5e15790ba6ce360ceccddb15ad16d08a8",
        "type": "github"
      },
      "original": {
        "owner": "nix-systems",
        "repo": "x86_64-linux",
        "type": "github"
      }
    },
    "systems_2": {
      "locked": {
        "lastModified": 1681028828,
        "narHash": "sha256-Vy1rq5AaRuLzOxct8nz4T6wlgyUR7zLU309k9mBC768=",
        "owner": "nix-systems",
        "repo": "default",
        "rev": "da67096a3b9bf56a91d16901293e51ba5b49a27e",
        "type": "github"
      },
      "original": {
        "owner": "nix-systems",
        "repo": "default",
        "type": "github"
      }
    }
  },
  "root": "root",
  "version": 7
}
